
Microsoft Visual Studio Solution File, Format Version 12.00
# Visual Studio 15
VisualStudioVersion = 15.0.26228.4
MinimumVisualStudioVersion = 10.0.40219.1
Project("{9A19103F-16F7-4668-BE54-9A1E7A4F7556}") = "DotNetLive.Search.Engine", "DotNetLive.Search.Engine\DotNetLive.Search.Engine.csproj", "{07D65AC0-4483-4CB9-BFAE-89A55ED345AB}"
EndProject
Project("{9A19103F-16F7-4668-BE54-9A1E7A4F7556}") = "DotNetLive.Search.Entities", "DotNetLive.Search.Entities\DotNetLive.Search.Entities.csproj", "{3CB8947F-5346-4A02-9068-99E6B7982347}"
EndProject
Project("{9A19103F-16F7-4668-BE54-9A1E7A4F7556}") = "DotNetLive.Search.UnitTest", "DotNetLive.Search.UnitTest\DotNetLive.Search.UnitTest.csproj", "{94AE4C08-4159-4A00-84A6-C2A7620F6ACC}"
EndProject
Project("{2150E333-8FDC-42A3-9474-1A3956D46DE8}") = "Tools", "Tools", "{C64DECD1-84BD-4399-BFB0-EDB92AA8E15B}"
EndProject
Project("{9A19103F-16F7-4668-BE54-9A1E7A4F7556}") = "DotNetLive.SearchWeb", "DotNetLive.SearchWeb\DotNetLive.SearchWeb.csproj", "{67573D80-EA4A-43F8-ACF4-7B023D6B3DD0}"
EndProject
Project("{9A19103F-16F7-4668-BE54-9A1E7A4F7556}") = "cnblogs.import", "Tools\cnblogs.import\cnblogs.import.csproj", "{E8D5F685-89D2-43C4-B340-D4065614516C}"
EndProject
Project("{9A19103F-16F7-4668-BE54-9A1E7A4F7556}") = "DotNetLive.Search.Services", "DotNetLive.Search.Services\DotNetLive.Search.Services.csproj", "{28970752-14AC-4E92-A627-5426F5219607}"
EndProject
Project("{9A19103F-16F7-4668-BE54-9A1E7A4F7556}") = "DotNetLive.Framework", "..\..\dotnetlive.framework\src\DotNetLive.Framework\DotNetLive.Framework.csproj", "{AEA54C85-A854-4810-A7B7-04329C4BC40C}"
EndProject
Project("{9A19103F-16F7-4668-BE54-9A1E7A4F7556}") = "DotNetLive.Framework.Mvc", "..\..\dotnetlive.framework\src\DotNetLive.Framework.Mvc\DotNetLive.Framework.Mvc.csproj", "{B0B03E01-B427-4D33-8A21-640F107A57F0}"
EndProject
Project("{9A19103F-16F7-4668-BE54-9A1E7A4F7556}") = "DotNetLive.Framework.Web", "..\..\dotnetlive.framework\src\DotNetLive.Framework.Web\DotNetLive.Framework.Web.csproj", "{EF9724CB-581F-4D17-84D9-5E0D9C03EC92}"
EndProject
Project("{9A19103F-16F7-4668-BE54-9A1E7A4F7556}") = "DotNetLive.Framework.WebApiClient", "..\..\dotnetlive.framework\src\DotNetLive.Framework.WebApiClient\DotNetLive.Framework.WebApiClient.csproj", "{3650129E-8CA8-4FD2-BA98-173DE1DA81E2}"
EndProject
Project("{9A19103F-16F7-4668-BE54-9A1E7A4F7556}") = "DotNetLive.Framework.WebApi", "..\..\dotnetlive.framework\src\DotNetLive.Framework.WebApi\DotNetLive.Framework.WebApi.csproj", "{E568523A-DD5A-4F0D-B86C-69110F93E14B}"
EndProject
Project("{9A19103F-16F7-4668-BE54-9A1E7A4F7556}") = "DotNetLive.Framework.Data", "..\..\dotnetlive.framework\src\DotNetLive.Framework.Data\DotNetLive.Framework.Data.csproj", "{55F7EB3B-AAB5-47F5-AC7D-B922BDBDE7A3}"
EndProject
Project("{9A19103F-16F7-4668-BE54-9A1E7A4F7556}") = "DotNetLive.Framework.Diagnostics.Trace", "..\..\dotnetlive.framework\src\DotNetLive.Framework.Diagnostics.Trace\DotNetLive.Framework.Diagnostics.Trace.csproj", "{48E04DCD-3292-405D-81C6-BA6C7E3558F7}"
EndProject
Global
	GlobalSection(SolutionConfigurationPlatforms) = preSolution
		Debug|Any CPU = Debug|Any CPU
		Debug|x64 = Debug|x64
		Debug|x86 = Debug|x86
		Release|Any CPU = Release|Any CPU
		Release|x64 = Release|x64
		Release|x86 = Release|x86
	EndGlobalSection
	GlobalSection(ProjectConfigurationPlatforms) = postSolution
		{07D65AC0-4483-4CB9-BFAE-89A55ED345AB}.Debug|Any CPU.ActiveCfg = Debug|Any CPU
		{07D65AC0-4483-4CB9-BFAE-89A55ED345AB}.Debug|Any CPU.Build.0 = Debug|Any CPU
		{07D65AC0-4483-4CB9-BFAE-89A55ED345AB}.Debug|x64.ActiveCfg = Debug|Any CPU
		{07D65AC0-4483-4CB9-BFAE-89A55ED345AB}.Debug|x64.Build.0 = Debug|Any CPU
		{07D65AC0-4483-4CB9-BFAE-89A55ED345AB}.Debug|x86.ActiveCfg = Debug|Any CPU
		{07D65AC0-4483-4CB9-BFAE-89A55ED345AB}.Debug|x86.Build.0 = Debug|Any CPU
		{07D65AC0-4483-4CB9-BFAE-89A55ED345AB}.Release|Any CPU.ActiveCfg = Release|Any CPU
		{07D65AC0-4483-4CB9-BFAE-89A55ED345AB}.Release|Any CPU.Build.0 = Release|Any CPU
		{07D65AC0-4483-4CB9-BFAE-89A55ED345AB}.Release|x64.ActiveCfg = Release|Any CPU
		{07D65AC0-4483-4CB9-BFAE-89A55ED345AB}.Release|x64.Build.0 = Release|Any CPU
		{07D65AC0-4483-4CB9-BFAE-89A55ED345AB}.Release|x86.ActiveCfg = Release|Any CPU
		{07D65AC0-4483-4CB9-BFAE-89A55ED345AB}.Release|x86.Build.0 = Release|Any CPU
		{3CB8947F-5346-4A02-9068-99E6B7982347}.Debug|Any CPU.ActiveCfg = Debug|Any CPU
		{3CB8947F-5346-4A02-9068-99E6B7982347}.Debug|Any CPU.Build.0 = Debug|Any CPU
		{3CB8947F-5346-4A02-9068-99E6B7982347}.Debug|x64.ActiveCfg = Debug|Any CPU
		{3CB8947F-5346-4A02-9068-99E6B7982347}.Debug|x64.Build.0 = Debug|Any CPU
		{3CB8947F-5346-4A02-9068-99E6B7982347}.Debug|x86.ActiveCfg = Debug|Any CPU
		{3CB8947F-5346-4A02-9068-99E6B7982347}.Debug|x86.Build.0 = Debug|Any CPU
		{3CB8947F-5346-4A02-9068-99E6B7982347}.Release|Any CPU.ActiveCfg = Release|Any CPU
		{3CB8947F-5346-4A02-9068-99E6B7982347}.Release|Any CPU.Build.0 = Release|Any CPU
		{3CB8947F-5346-4A02-9068-99E6B7982347}.Release|x64.ActiveCfg = Release|Any CPU
		{3CB8947F-5346-4A02-9068-99E6B7982347}.Release|x64.Build.0 = Release|Any CPU
		{3CB8947F-5346-4A02-9068-99E6B7982347}.Release|x86.ActiveCfg = Release|Any CPU
		{3CB8947F-5346-4A02-9068-99E6B7982347}.Release|x86.Build.0 = Release|Any CPU
		{94AE4C08-4159-4A00-84A6-C2A7620F6ACC}.Debug|Any CPU.ActiveCfg = Debug|Any CPU
		{94AE4C08-4159-4A00-84A6-C2A7620F6ACC}.Debug|Any CPU.Build.0 = Debug|Any CPU
		{94AE4C08-4159-4A00-84A6-C2A7620F6ACC}.Debug|x64.ActiveCfg = Debug|Any CPU
		{94AE4C08-4159-4A00-84A6-C2A7620F6ACC}.Debug|x64.Build.0 = Debug|Any CPU
		{94AE4C08-4159-4A00-84A6-C2A7620F6ACC}.Debug|x86.ActiveCfg = Debug|Any CPU
		{94AE4C08-4159-4A00-84A6-C2A7620F6ACC}.Debug|x86.Build.0 = Debug|Any CPU
		{94AE4C08-4159-4A00-84A6-C2A7620F6ACC}.Release|Any CPU.ActiveCfg = Release|Any CPU
		{94AE4C08-4159-4A00-84A6-C2A7620F6ACC}.Release|Any CPU.Build.0 = Release|Any CPU
		{94AE4C08-4159-4A00-84A6-C2A7620F6ACC}.Release|x64.ActiveCfg = Release|Any CPU
		{94AE4C08-4159-4A00-84A6-C2A7620F6ACC}.Release|x64.Build.0 = Release|Any CPU
		{94AE4C08-4159-4A00-84A6-C2A7620F6ACC}.Release|x86.ActiveCfg = Release|Any CPU
		{94AE4C08-4159-4A00-84A6-C2A7620F6ACC}.Release|x86.Build.0 = Release|Any CPU
		{67573D80-EA4A-43F8-ACF4-7B023D6B3DD0}.Debug|Any CPU.ActiveCfg = Debug|Any CPU
		{67573D80-EA4A-43F8-ACF4-7B023D6B3DD0}.Debug|Any CPU.Build.0 = Debug|Any CPU
		{67573D80-EA4A-43F8-ACF4-7B023D6B3DD0}.Debug|x64.ActiveCfg = Debug|Any CPU
		{67573D80-EA4A-43F8-ACF4-7B023D6B3DD0}.Debug|x64.Build.0 = Debug|Any CPU
		{67573D80-EA4A-43F8-ACF4-7B023D6B3DD0}.Debug|x86.ActiveCfg = Debug|Any CPU
		{67573D80-EA4A-43F8-ACF4-7B023D6B3DD0}.Debug|x86.Build.0 = Debug|Any CPU
		{67573D80-EA4A-43F8-ACF4-7B023D6B3DD0}.Release|Any CPU.ActiveCfg = Release|Any CPU
		{67573D80-EA4A-43F8-ACF4-7B023D6B3DD0}.Release|Any CPU.Build.0 = Release|Any CPU
		{67573D80-EA4A-43F8-ACF4-7B023D6B3DD0}.Release|x64.ActiveCfg = Release|Any CPU
		{67573D80-EA4A-43F8-ACF4-7B023D6B3DD0}.Release|x64.Build.0 = Release|Any CPU
		{67573D80-EA4A-43F8-ACF4-7B023D6B3DD0}.Release|x86.ActiveCfg = Release|Any CPU
		{67573D80-EA4A-43F8-ACF4-7B023D6B3DD0}.Release|x86.Build.0 = Release|Any CPU
		{E8D5F685-89D2-43C4-B340-D4065614516C}.Debug|Any CPU.ActiveCfg = Debug|Any CPU
		{E8D5F685-89D2-43C4-B340-D4065614516C}.Debug|Any CPU.Build.0 = Debug|Any CPU
		{E8D5F685-89D2-43C4-B340-D4065614516C}.Debug|x64.ActiveCfg = Debug|Any CPU
		{E8D5F685-89D2-43C4-B340-D4065614516C}.Debug|x64.Build.0 = Debug|Any CPU
		{E8D5F685-89D2-43C4-B340-D4065614516C}.Debug|x86.ActiveCfg = Debug|Any CPU
		{E8D5F685-89D2-43C4-B340-D4065614516C}.Debug|x86.Build.0 = Debug|Any CPU
		{E8D5F685-89D2-43C4-B340-D4065614516C}.Release|Any CPU.ActiveCfg = Release|Any CPU
		{E8D5F685-89D2-43C4-B340-D4065614516C}.Release|Any CPU.Build.0 = Release|Any CPU
		{E8D5F685-89D2-43C4-B340-D4065614516C}.Release|x64.ActiveCfg = Release|Any CPU
		{E8D5F685-89D2-43C4-B340-D4065614516C}.Release|x64.Build.0 = Release|Any CPU
		{E8D5F685-89D2-43C4-B340-D4065614516C}.Release|x86.ActiveCfg = Release|Any CPU
		{E8D5F685-89D2-43C4-B340-D4065614516C}.Release|x86.Build.0 = Release|Any CPU
		{28970752-14AC-4E92-A627-5426F5219607}.Debug|Any CPU.ActiveCfg = Debug|Any CPU
		{28970752-14AC-4E92-A627-5426F5219607}.Debug|Any CPU.Build.0 = Debug|Any CPU
		{28970752-14AC-4E92-A627-5426F5219607}.Debug|x64.ActiveCfg = Debug|Any CPU
		{28970752-14AC-4E92-A627-5426F5219607}.Debug|x64.Build.0 = Debug|Any CPU
		{28970752-14AC-4E92-A627-5426F5219607}.Debug|x86.ActiveCfg = Debug|Any CPU
		{28970752-14AC-4E92-A627-5426F5219607}.Debug|x86.Build.0 = Debug|Any CPU
		{28970752-14AC-4E92-A627-5426F5219607}.Release|Any CPU.ActiveCfg = Release|Any CPU
		{28970752-14AC-4E92-A627-5426F5219607}.Release|Any CPU.Build.0 = Release|Any CPU
		{28970752-14AC-4E92-A627-5426F5219607}.Release|x64.ActiveCfg = Release|Any CPU
		{28970752-14AC-4E92-A627-5426F5219607}.Release|x64.Build.0 = Release|Any CPU
		{28970752-14AC-4E92-A627-5426F5219607}.Release|x86.ActiveCfg = Release|Any CPU
		{28970752-14AC-4E92-A627-5426F5219607}.Release|x86.Build.0 = Release|Any CPU
		{AEA54C85-A854-4810-A7B7-04329C4BC40C}.Debug|Any CPU.ActiveCfg = Debug|Any CPU
		{AEA54C85-A854-4810-A7B7-04329C4BC40C}.Debug|Any CPU.Build.0 = Debug|Any CPU
		{AEA54C85-A854-4810-A7B7-04329C4BC40C}.Debug|x64.ActiveCfg = Debug|Any CPU
		{AEA54C85-A854-4810-A7B7-04329C4BC40C}.Debug|x64.Build.0 = Debug|Any CPU
		{AEA54C85-A854-4810-A7B7-04329C4BC40C}.Debug|x86.ActiveCfg = Debug|Any CPU
		{AEA54C85-A854-4810-A7B7-04329C4BC40C}.Debug|x86.Build.0 = Debug|Any CPU
		{AEA54C85-A854-4810-A7B7-04329C4BC40C}.Release|Any CPU.ActiveCfg = Release|Any CPU
		{AEA54C85-A854-4810-A7B7-04329C4BC40C}.Release|Any CPU.Build.0 = Release|Any CPU
		{AEA54C85-A854-4810-A7B7-04329C4BC40C}.Release|x64.ActiveCfg = Release|Any CPU
		{AEA54C85-A854-4810-A7B7-04329C4BC40C}.Release|x64.Build.0 = Release|Any CPU
		{AEA54C85-A854-4810-A7B7-04329C4BC40C}.Release|x86.ActiveCfg = Release|Any CPU
		{AEA54C85-A854-4810-A7B7-04329C4BC40C}.Release|x86.Build.0 = Release|Any CPU
		{B0B03E01-B427-4D33-8A21-640F107A57F0}.Debug|Any CPU.ActiveCfg = Debug|Any CPU
		{B0B03E01-B427-4D33-8A21-640F107A57F0}.Debug|Any CPU.Build.0 = Debug|Any CPU
		{B0B03E01-B427-4D33-8A21-640F107A57F0}.Debug|x64.ActiveCfg = Debug|Any CPU
		{B0B03E01-B427-4D33-8A21-640F107A57F0}.Debug|x64.Build.0 = Debug|Any CPU
		{B0B03E01-B427-4D33-8A21-640F107A57F0}.Debug|x86.ActiveCfg = Debug|Any CPU
		{B0B03E01-B427-4D33-8A21-640F107A57F0}.Debug|x86.Build.0 = Debug|Any CPU
		{B0B03E01-B427-4D33-8A21-640F107A57F0}.Release|Any CPU.ActiveCfg = Release|Any CPU
		{B0B03E01-B427-4D33-8A21-640F107A57F0}.Release|Any CPU.Build.0 = Release|Any CPU
		{B0B03E01-B427-4D33-8A21-640F107A57F0}.Release|x64.ActiveCfg = Release|Any CPU
		{B0B03E01-B427-4D33-8A21-640F107A57F0}.Release|x64.Build.0 = Release|Any CPU
		{B0B03E01-B427-4D33-8A21-640F107A57F0}.Release|x86.ActiveCfg = Release|Any CPU
		{B0B03E01-B427-4D33-8A21-640F107A57F0}.Release|x86.Build.0 = Release|Any CPU
		{EF9724CB-581F-4D17-84D9-5E0D9C03EC92}.Debug|Any CPU.ActiveCfg = Debug|Any CPU
		{EF9724CB-581F-4D17-84D9-5E0D9C03EC92}.Debug|Any CPU.Build.0 = Debug|Any CPU
		{EF9724CB-581F-4D17-84D9-5E0D9C03EC92}.Debug|x64.ActiveCfg = Debug|Any CPU
		{EF9724CB-581F-4D17-84D9-5E0D9C03EC92}.Debug|x64.Build.0 = Debug|Any CPU
		{EF9724CB-581F-4D17-84D9-5E0D9C03EC92}.Debug|x86.ActiveCfg = Debug|Any CPU
		{EF9724CB-581F-4D17-84D9-5E0D9C03EC92}.Debug|x86.Build.0 = Debug|Any CPU
		{EF9724CB-581F-4D17-84D9-5E0D9C03EC92}.Release|Any CPU.ActiveCfg = Release|Any CPU
		{EF9724CB-581F-4D17-84D9-5E0D9C03EC92}.Release|Any CPU.Build.0 = Release|Any CPU
		{EF9724CB-581F-4D17-84D9-5E0D9C03EC92}.Release|x64.ActiveCfg = Release|Any CPU
		{EF9724CB-581F-4D17-84D9-5E0D9C03EC92}.Release|x64.Build.0 = Release|Any CPU
		{EF9724CB-581F-4D17-84D9-5E0D9C03EC92}.Release|x86.ActiveCfg = Release|Any CPU
		{EF9724CB-581F-4D17-84D9-5E0D9C03EC92}.Release|x86.Build.0 = Release|Any CPU
		{3650129E-8CA8-4FD2-BA98-173DE1DA81E2}.Debug|Any CPU.ActiveCfg = Debug|Any CPU
		{3650129E-8CA8-4FD2-BA98-173DE1DA81E2}.Debug|Any CPU.Build.0 = Debug|Any CPU
		{3650129E-8CA8-4FD2-BA98-173DE1DA81E2}.Debug|x64.ActiveCfg = Debug|Any CPU
		{3650129E-8CA8-4FD2-BA98-173DE1DA81E2}.Debug|x64.Build.0 = Debug|Any CPU
		{3650129E-8CA8-4FD2-BA98-173DE1DA81E2}.Debug|x86.ActiveCfg = Debug|Any CPU
		{3650129E-8CA8-4FD2-BA98-173DE1DA81E2}.Debug|x86.Build.0 = Debug|Any CPU
		{3650129E-8CA8-4FD2-BA98-173DE1DA81E2}.Release|Any CPU.ActiveCfg = Release|Any CPU
		{3650129E-8CA8-4FD2-BA98-173DE1DA81E2}.Release|Any CPU.Build.0 = Release|Any CPU
		{3650129E-8CA8-4FD2-BA98-173DE1DA81E2}.Release|x64.ActiveCfg = Release|Any CPU
		{3650129E-8CA8-4FD2-BA98-173DE1DA81E2}.Release|x64.Build.0 = Release|Any CPU
		{3650129E-8CA8-4FD2-BA98-173DE1DA81E2}.Release|x86.ActiveCfg = Release|Any CPU
		{3650129E-8CA8-4FD2-BA98-173DE1DA81E2}.Release|x86.Build.0 = Release|Any CPU
		{E568523A-DD5A-4F0D-B86C-69110F93E14B}.Debug|Any CPU.ActiveCfg = Debug|Any CPU
		{E568523A-DD5A-4F0D-B86C-69110F93E14B}.Debug|Any CPU.Build.0 = Debug|Any CPU
		{E568523A-DD5A-4F0D-B86C-69110F93E14B}.Debug|x64.ActiveCfg = Debug|Any CPU
		{E568523A-DD5A-4F0D-B86C-69110F93E14B}.Debug|x64.Build.0 = Debug|Any CPU
		{E568523A-DD5A-4F0D-B86C-69110F93E14B}.Debug|x86.ActiveCfg = Debug|Any CPU
		{E568523A-DD5A-4F0D-B86C-69110F93E14B}.Debug|x86.Build.0 = Debug|Any CPU
		{E568523A-DD5A-4F0D-B86C-69110F93E14B}.Release|Any CPU.ActiveCfg = Release|Any CPU
		{E568523A-DD5A-4F0D-B86C-69110F93E14B}.Release|Any CPU.Build.0 = Release|Any CPU
		{E568523A-DD5A-4F0D-B86C-69110F93E14B}.Release|x64.ActiveCfg = Release|Any CPU
		{E568523A-DD5A-4F0D-B86C-69110F93E14B}.Release|x64.Build.0 = Release|Any CPU
		{E568523A-DD5A-4F0D-B86C-69110F93E14B}.Release|x86.ActiveCfg = Release|Any CPU
		{E568523A-DD5A-4F0D-B86C-69110F93E14B}.Release|x86.Build.0 = Release|Any CPU
		{55F7EB3B-AAB5-47F5-AC7D-B922BDBDE7A3}.Debug|Any CPU.ActiveCfg = Debug|Any CPU
		{55F7EB3B-AAB5-47F5-AC7D-B922BDBDE7A3}.Debug|Any CPU.Build.0 = Debug|Any CPU
		{55F7EB3B-AAB5-47F5-AC7D-B922BDBDE7A3}.Debug|x64.ActiveCfg = Debug|Any CPU
		{55F7EB3B-AAB5-47F5-AC7D-B922BDBDE7A3}.Debug|x64.Build.0 = Debug|Any CPU
		{55F7EB3B-AAB5-47F5-AC7D-B922BDBDE7A3}.Debug|x86.ActiveCfg = Debug|Any CPU
		{55F7EB3B-AAB5-47F5-AC7D-B922BDBDE7A3}.Debug|x86.Build.0 = Debug|Any CPU
		{55F7EB3B-AAB5-47F5-AC7D-B922BDBDE7A3}.Release|Any CPU.ActiveCfg = Release|Any CPU
		{55F7EB3B-AAB5-47F5-AC7D-B922BDBDE7A3}.Release|Any CPU.Build.0 = Release|Any CPU
		{55F7EB3B-AAB5-47F5-AC7D-B922BDBDE7A3}.Release|x64.ActiveCfg = Release|Any CPU
		{55F7EB3B-AAB5-47F5-AC7D-B922BDBDE7A3}.Release|x64.Build.0 = Release|Any CPU
		{55F7EB3B-AAB5-47F5-AC7D-B922BDBDE7A3}.Release|x86.ActiveCfg = Release|Any CPU
		{55F7EB3B-AAB5-47F5-AC7D-B922BDBDE7A3}.Release|x86.Build.0 = Release|Any CPU
		{48E04DCD-3292-405D-81C6-BA6C7E3558F7}.Debug|Any CPU.ActiveCfg = Debug|Any CPU
		{48E04DCD-3292-405D-81C6-BA6C7E3558F7}.Debug|Any CPU.Build.0 = Debug|Any CPU
		{48E04DCD-3292-405D-81C6-BA6C7E3558F7}.Debug|x64.ActiveCfg = Debug|Any CPU
		{48E04DCD-3292-405D-81C6-BA6C7E3558F7}.Debug|x64.Build.0 = Debug|Any CPU
		{48E04DCD-3292-405D-81C6-BA6C7E3558F7}.Debug|x86.ActiveCfg = Debug|Any CPU
		{48E04DCD-3292-405D-81C6-BA6C7E3558F7}.Debug|x86.Build.0 = Debug|Any CPU
		{48E04DCD-3292-405D-81C6-BA6C7E3558F7}.Release|Any CPU.ActiveCfg = Release|Any CPU
		{48E04DCD-3292-405D-81C6-BA6C7E3558F7}.Release|Any CPU.Build.0 = Release|Any CPU
		{48E04DCD-3292-405D-81C6-BA6C7E3558F7}.Release|x64.ActiveCfg = Release|Any CPU
		{48E04DCD-3292-405D-81C6-BA6C7E3558F7}.Release|x64.Build.0 = Release|Any CPU
		{48E04DCD-3292-405D-81C6-BA6C7E3558F7}.Release|x86.ActiveCfg = Release|Any CPU
		{48E04DCD-3292-405D-81C6-BA6C7E3558F7}.Release|x86.Build.0 = Release|Any CPU
	EndGlobalSection
	GlobalSection(SolutionProperties) = preSolution
		HideSolutionNode = FALSE
	EndGlobalSection
	GlobalSection(NestedProjects) = preSolution
		{E8D5F685-89D2-43C4-B340-D4065614516C} = {C64DECD1-84BD-4399-BFB0-EDB92AA8E15B}
	EndGlobalSection
EndGlobal
